{
  "name": "13121231231231233123",
  "version": "1.0.0",
  "lockfileVersion": 3,
  "requires": true,
  "packages": {
    "": {
      "name": "13121231231231233123",
      "version": "1.0.0",
      "license": "ISC",
      "dependencies": {
        "nanoid": "^5.1.6",
        "validator": "^13.15.26"
      },
      "devDependencies": {
        "@pnotify/core": "^5.2.0",
        "@pnotify/desktop": "^5.2.0",
        "@pnotify/mobile": "^5.2.0"
      }
    },
    "node_modules/@pnotify/core": {
      "version": "5.2.0",
      "resolved": "https://registry.npmjs.org/@pnotify/core/-/core-5.2.0.tgz",
      "integrity": "sha512-d9ZM7Q6ZxuwTJ14QbOa7pWmoUqObPis7S1K+TzISffrL8w2f7JigEPI281agLShVAMIsE5SsC6O9YhkutwekbA==",
      "dev": true,
      "license": "Apache-2.0"
    },
    "node_modules/@pnotify/desktop": {
      "version": "5.2.0",
      "resolved": "https://registry.npmjs.org/@pnotify/desktop/-/desktop-5.2.0.tgz",
      "integrity": "sha512-pJ5wBpZWoALO6H7lh04euS9UDQ6b/ZkJXkIP90GhzeeW5drPNKJRCLnLnDGvGCdxnH7ZkXoL9Ez+KtL0V6+joA==",
      "dev": true,
      "license": "Apache-2.0",
      "dependencies": {
        "@pnotify/core": "^5.2.0"
      }
    },
    "node_modules/@pnotify/mobile": {
      "version": "5.2.0",
      "resolved": "https://registry.npmjs.org/@pnotify/mobile/-/mobile-5.2.0.tgz",
      "integrity": "sha512-uu0V7h41Y8UTQA6ZB26PcHU7wHu5nwP/FEmMyimHEpEqhrvkzIRD2CxB7zu9SYp3Jk2NFcJC3NiueO3Kh25CVA==",
      "dev": true,
      "license": "Apache-2.0",
      "dependencies": {
        "@pnotify/core": "^5.2.0"
      }
    },
    "node_modules/nanoid": {
      "version": "5.1.6",
      "resolved": "https://registry.npmjs.org/nanoid/-/nanoid-5.1.6.tgz",
      "integrity": "sha512-c7+7RQ+dMB5dPwwCp4ee1/iV/q2P6aK1mTZcfr1BTuVlyW9hJYiMPybJCcnBlQtuSmTIWNeazm/zqNoZSSElBg==",
      "funding": [
        {
          "type": "github",
          "url": "https://github.com/sponsors/ai"
        }
      ],
      "license": "MIT",
      "bin": {
        "nanoid": "bin/nanoid.js"
      },
      "engines": {
        "node": "^18 || >=20"
      }
    },
    "node_modules/validator": {
      "version": "13.15.26",
      "resolved": "https://registry.npmjs.org/validator/-/validator-13.15.26.tgz",
      "integrity": "sha512-spH26xU080ydGggxRyR1Yhcbgx+j3y5jbNXk/8L+iRvdIEQ4uTRH2Sgf2dokud6Q4oAtsbNvJ1Ft+9xmm6IZcA==",
      "license": "MIT",
      "engines": {
        "node": ">= 0.10"
      }
    }
  }
}
